
Microsoft Visual Studio Solution File, Format Version 12.00
# Visual Studio Version 17
VisualStudioVersion = 17.14.36429.23
MinimumVisualStudioVersion = 10.0.40219.1
Project("{2150E333-8FDC-42A3-9474-1A3956D46DE8}") = "Task0", "Task0", "{02EA681E-C7D8-13C7-8484-4AC65E1B71E8}"
EndProject
Project("{FAE04EC0-301F-11D3-BF4B-00C04F79EFBC}") = "Tyuiu.KalininaMA.Sprint5.Task0.V18", "Tyuiu.KalininaMA.Sprint5.Task0.V18\Tyuiu.KalininaMA.Sprint5.Task0.V18.csproj", "{1F8C48BA-08F5-4C5F-9B82-2B4AF7E2224E}"
EndProject
Project("{FAE04EC0-301F-11D3-BF4B-00C04F79EFBC}") = "Tyuiu.KalininaMA.Sprint5.Task0.V18.Lib", "Tyuiu.KalininaMA.Sprint5.Task0.V18.Lib\Tyuiu.KalininaMA.Sprint5.Task0.V18.Lib.csproj", "{6E02E481-963B-45E2-980E-A0A48916DBBC}"
EndProject
Project("{FAE04EC0-301F-11D3-BF4B-00C04F79EFBC}") = "Tyuiu.KalininaMA.Sprint5.Task0.V18.Test", "Tyuiu.KalininaMA.Sprint5.Task0.V18.Test\Tyuiu.KalininaMA.Sprint5.Task0.V18.Test.csproj", "{C0BBC612-7C95-4A67-8AAC-C5B0AA27940E}"
EndProject
Project("{2150E333-8FDC-42A3-9474-1A3956D46DE8}") = "Task1", "Task1", "{893ED6E2-9A16-4B02-8EB3-DA7011136C23}"
EndProject
Project("{FAE04EC0-301F-11D3-BF4B-00C04F79EFBC}") = "Tyuiu.KalininaMA.Sprint5.Task1.V30", "Tyuiu.KalininaMA.Sprint5.Task1.V30\Tyuiu.KalininaMA.Sprint5.Task1.V30.csproj", "{AAC2372C-CBD7-4190-9DA1-2A6C7C16CD89}"
EndProject
Project("{FAE04EC0-301F-11D3-BF4B-00C04F79EFBC}") = "Tyuiu.KalininaMA.Sprint5.Task1.V30.Lib", "Tyuiu.KalininaMA.Sprint5.Task1.V30.Lib\Tyuiu.KalininaMA.Sprint5.Task1.V30.Lib.csproj", "{6DB6732D-9382-4926-A41D-9824091AD1F0}"
EndProject
Project("{FAE04EC0-301F-11D3-BF4B-00C04F79EFBC}") = "Tyuiu.KalininaMA.Sprint5.Task1.V30.Test", "Tyuiu.KalininaMA.Sprint5.Task1.V30.Test\Tyuiu.KalininaMA.Sprint5.Task1.V30.Test.csproj", "{863D4992-F13C-42C0-B89C-2EF0B370ACAC}"
EndProject
Project("{2150E333-8FDC-42A3-9474-1A3956D46DE8}") = "Task2", "Task2", "{4F440A55-0675-4008-B447-38F6BEF9FF28}"
EndProject
Project("{FAE04EC0-301F-11D3-BF4B-00C04F79EFBC}") = "Tyuiu.KalininaMA.Sprint5.Task2.V25", "Tyuiu.KalininaMA.Sprint5.Task2.V25\Tyuiu.KalininaMA.Sprint5.Task2.V25.csproj", "{94DBC10D-9667-4EBB-86F9-3624725C355E}"
EndProject
Project("{FAE04EC0-301F-11D3-BF4B-00C04F79EFBC}") = "Tyuiu.KalininaMA.Sprint5.Task2.V25.Lib", "Tyuiu.KalininaMA.Sprint5.Task2.V25.Lib\Tyuiu.KalininaMA.Sprint5.Task2.V25.Lib.csproj", "{942185C7-B5DB-4E75-9C50-9A87A10E9192}"
EndProject
Project("{FAE04EC0-301F-11D3-BF4B-00C04F79EFBC}") = "Tyuiu.KalininaMA.Sprint5.Task2.V25.Test", "Tyuiu.KalininaMA.Sprint5.Task2.V25.Test\Tyuiu.KalininaMA.Sprint5.Task2.V25.Test.csproj", "{236A689F-03B1-41E9-9E49-76250E8DA435}"
EndProject
Project("{2150E333-8FDC-42A3-9474-1A3956D46DE8}") = "Task3", "Task3", "{33EA12A1-17EF-44B1-8299-A2A35D350A23}"
EndProject
Project("{FAE04EC0-301F-11D3-BF4B-00C04F79EFBC}") = "Tyuiu.KalininaMA.Sprint5.Task3.V15", "Tyuiu.KalininaMA.Sprint5.Task3.V15\Tyuiu.KalininaMA.Sprint5.Task3.V15.csproj", "{A383D16F-10C8-4496-9CD0-89A57E811CCF}"
EndProject
Project("{FAE04EC0-301F-11D3-BF4B-00C04F79EFBC}") = "Tyuiu.KalininaMA.Sprint5.Task3.V15.Lib", "Tyuiu.KalininaMA.Sprint5.Task3.V15.Lib\Tyuiu.KalininaMA.Sprint5.Task3.V15.Lib.csproj", "{A8190FB6-8745-4834-8356-40EBD4EE5B55}"
EndProject
Project("{FAE04EC0-301F-11D3-BF4B-00C04F79EFBC}") = "Tyuiu.KalininaMA.Sprint5.Task3.V15.Test", "Tyuiu.KalininaMA.Sprint5.Task3.V15.Test\Tyuiu.KalininaMA.Sprint5.Task3.V15.Test.csproj", "{48589347-8A5E-497A-A776-FC9134C61608}"
EndProject
Project("{2150E333-8FDC-42A3-9474-1A3956D46DE8}") = "Task4", "Task4", "{D5AC8191-4B65-4B89-B579-A7EB1122BC4B}"
EndProject
Project("{FAE04EC0-301F-11D3-BF4B-00C04F79EFBC}") = "Tyuiu.KalininaMA.Sprint5.Task4.V18", "Tyuiu.KalininaMA.Sprint5.Task4.V18\Tyuiu.KalininaMA.Sprint5.Task4.V18.csproj", "{C8A0C292-7E57-4299-AA53-2844DE7C5830}"
EndProject
Project("{FAE04EC0-301F-11D3-BF4B-00C04F79EFBC}") = "Tyuiu.KalininaMA.Sprint5.Task4.V18.Lib", "Tyuiu.KalininaMA.Sprint5.Task4.V18.Lib\Tyuiu.KalininaMA.Sprint5.Task4.V18.Lib.csproj", "{D894E94A-2E1E-4DCE-90C8-E3C6469C0C4D}"
EndProject
Project("{FAE04EC0-301F-11D3-BF4B-00C04F79EFBC}") = "Tyuiu.KalininaMA.Sprint5.Task4.V18.Test", "Tyuiu.KalininaMA.Sprint5.Task4.V18.Test\Tyuiu.KalininaMA.Sprint5.Task4.V18.Test.csproj", "{5FC0E677-8B7A-4D72-A74E-CF931C568CDE}"
EndProject
Global
	GlobalSection(SolutionConfigurationPlatforms) = preSolution
		Debug|Any CPU = Debug|Any CPU
		Release|Any CPU = Release|Any CPU
	EndGlobalSection
	GlobalSection(ProjectConfigurationPlatforms) = postSolution
		{1F8C48BA-08F5-4C5F-9B82-2B4AF7E2224E}.Debug|Any CPU.ActiveCfg = Debug|Any CPU
		{1F8C48BA-08F5-4C5F-9B82-2B4AF7E2224E}.Debug|Any CPU.Build.0 = Debug|Any CPU
		{1F8C48BA-08F5-4C5F-9B82-2B4AF7E2224E}.Release|Any CPU.ActiveCfg = Release|Any CPU
		{1F8C48BA-08F5-4C5F-9B82-2B4AF7E2224E}.Release|Any CPU.Build.0 = Release|Any CPU
		{6E02E481-963B-45E2-980E-A0A48916DBBC}.Debug|Any CPU.ActiveCfg = Debug|Any CPU
		{6E02E481-963B-45E2-980E-A0A48916DBBC}.Debug|Any CPU.Build.0 = Debug|Any CPU
		{6E02E481-963B-45E2-980E-A0A48916DBBC}.Release|Any CPU.ActiveCfg = Release|Any CPU
		{6E02E481-963B-45E2-980E-A0A48916DBBC}.Release|Any CPU.Build.0 = Release|Any CPU
		{C0BBC612-7C95-4A67-8AAC-C5B0AA27940E}.Debug|Any CPU.ActiveCfg = Debug|Any CPU
		{C0BBC612-7C95-4A67-8AAC-C5B0AA27940E}.Debug|Any CPU.Build.0 = Debug|Any CPU
		{C0BBC612-7C95-4A67-8AAC-C5B0AA27940E}.Release|Any CPU.ActiveCfg = Release|Any CPU
		{C0BBC612-7C95-4A67-8AAC-C5B0AA27940E}.Release|Any CPU.Build.0 = Release|Any CPU
		{AAC2372C-CBD7-4190-9DA1-2A6C7C16CD89}.Debug|Any CPU.ActiveCfg = Debug|Any CPU
		{AAC2372C-CBD7-4190-9DA1-2A6C7C16CD89}.Debug|Any CPU.Build.0 = Debug|Any CPU
		{AAC2372C-CBD7-4190-9DA1-2A6C7C16CD89}.Release|Any CPU.ActiveCfg = Release|Any CPU
		{AAC2372C-CBD7-4190-9DA1-2A6C7C16CD89}.Release|Any CPU.Build.0 = Release|Any CPU
		{6DB6732D-9382-4926-A41D-9824091AD1F0}.Debug|Any CPU.ActiveCfg = Debug|Any CPU
		{6DB6732D-9382-4926-A41D-9824091AD1F0}.Debug|Any CPU.Build.0 = Debug|Any CPU
		{6DB6732D-9382-4926-A41D-9824091AD1F0}.Release|Any CPU.ActiveCfg = Release|Any CPU
		{6DB6732D-9382-4926-A41D-9824091AD1F0}.Release|Any CPU.Build.0 = Release|Any CPU
		{863D4992-F13C-42C0-B89C-2EF0B370ACAC}.Debug|Any CPU.ActiveCfg = Debug|Any CPU
		{863D4992-F13C-42C0-B89C-2EF0B370ACAC}.Debug|Any CPU.Build.0 = Debug|Any CPU
		{863D4992-F13C-42C0-B89C-2EF0B370ACAC}.Release|Any CPU.ActiveCfg = Release|Any CPU
		{863D4992-F13C-42C0-B89C-2EF0B370ACAC}.Release|Any CPU.Build.0 = Release|Any CPU
		{94DBC10D-9667-4EBB-86F9-3624725C355E}.Debug|Any CPU.ActiveCfg = Debug|Any CPU
		{94DBC10D-9667-4EBB-86F9-3624725C355E}.Debug|Any CPU.Build.0 = Debug|Any CPU
		{94DBC10D-9667-4EBB-86F9-3624725C355E}.Release|Any CPU.ActiveCfg = Release|Any CPU
		{94DBC10D-9667-4EBB-86F9-3624725C355E}.Release|Any CPU.Build.0 = Release|Any CPU
		{942185C7-B5DB-4E75-9C50-9A87A10E9192}.Debug|Any CPU.ActiveCfg = Debug|Any CPU
		{942185C7-B5DB-4E75-9C50-9A87A10E9192}.Debug|Any CPU.Build.0 = Debug|Any CPU
		{942185C7-B5DB-4E75-9C50-9A87A10E9192}.Release|Any CPU.ActiveCfg = Release|Any CPU
		{942185C7-B5DB-4E75-9C50-9A87A10E9192}.Release|Any CPU.Build.0 = Release|Any CPU
		{236A689F-03B1-41E9-9E49-76250E8DA435}.Debug|Any CPU.ActiveCfg = Debug|Any CPU
		{236A689F-03B1-41E9-9E49-76250E8DA435}.Debug|Any CPU.Build.0 = Debug|Any CPU
		{236A689F-03B1-41E9-9E49-76250E8DA435}.Release|Any CPU.ActiveCfg = Release|Any CPU
		{236A689F-03B1-41E9-9E49-76250E8DA435}.Release|Any CPU.Build.0 = Release|Any CPU
		{A383D16F-10C8-4496-9CD0-89A57E811CCF}.Debug|Any CPU.ActiveCfg = Debug|Any CPU
		{A383D16F-10C8-4496-9CD0-89A57E811CCF}.Debug|Any CPU.Build.0 = Debug|Any CPU
		{A383D16F-10C8-4496-9CD0-89A57E811CCF}.Release|Any CPU.ActiveCfg = Release|Any CPU
		{A383D16F-10C8-4496-9CD0-89A57E811CCF}.Release|Any CPU.Build.0 = Release|Any CPU
		{A8190FB6-8745-4834-8356-40EBD4EE5B55}.Debug|Any CPU.ActiveCfg = Debug|Any CPU
		{A8190FB6-8745-4834-8356-40EBD4EE5B55}.Debug|Any CPU.Build.0 = Debug|Any CPU
		{A8190FB6-8745-4834-8356-40EBD4EE5B55}.Release|Any CPU.ActiveCfg = Release|Any CPU
		{A8190FB6-8745-4834-8356-40EBD4EE5B55}.Release|Any CPU.Build.0 = Release|Any CPU
		{48589347-8A5E-497A-A776-FC9134C61608}.Debug|Any CPU.ActiveCfg = Debug|Any CPU
		{48589347-8A5E-497A-A776-FC9134C61608}.Debug|Any CPU.Build.0 = Debug|Any CPU
		{48589347-8A5E-497A-A776-FC9134C61608}.Release|Any CPU.ActiveCfg = Release|Any CPU
		{48589347-8A5E-497A-A776-FC9134C61608}.Release|Any CPU.Build.0 = Release|Any CPU
		{C8A0C292-7E57-4299-AA53-2844DE7C5830}.Debug|Any CPU.ActiveCfg = Debug|Any CPU
		{C8A0C292-7E57-4299-AA53-2844DE7C5830}.Debug|Any CPU.Build.0 = Debug|Any CPU
		{C8A0C292-7E57-4299-AA53-2844DE7C5830}.Release|Any CPU.ActiveCfg = Release|Any CPU
		{C8A0C292-7E57-4299-AA53-2844DE7C5830}.Release|Any CPU.Build.0 = Release|Any CPU
		{D894E94A-2E1E-4DCE-90C8-E3C6469C0C4D}.Debug|Any CPU.ActiveCfg = Debug|Any CPU
		{D894E94A-2E1E-4DCE-90C8-E3C6469C0C4D}.Debug|Any CPU.Build.0 = Debug|Any CPU
		{D894E94A-2E1E-4DCE-90C8-E3C6469C0C4D}.Release|Any CPU.ActiveCfg = Release|Any CPU
		{D894E94A-2E1E-4DCE-90C8-E3C6469C0C4D}.Release|Any CPU.Build.0 = Release|Any CPU
		{5FC0E677-8B7A-4D72-A74E-CF931C568CDE}.Debug|Any CPU.ActiveCfg = Debug|Any CPU
		{5FC0E677-8B7A-4D72-A74E-CF931C568CDE}.Debug|Any CPU.Build.0 = Debug|Any CPU
		{5FC0E677-8B7A-4D72-A74E-CF931C568CDE}.Release|Any CPU.ActiveCfg = Release|Any CPU
		{5FC0E677-8B7A-4D72-A74E-CF931C568CDE}.Release|Any CPU.Build.0 = Release|Any CPU
	EndGlobalSection
	GlobalSection(SolutionProperties) = preSolution
		HideSolutionNode = FALSE
	EndGlobalSection
	GlobalSection(NestedProjects) = preSolution
		{1F8C48BA-08F5-4C5F-9B82-2B4AF7E2224E} = {02EA681E-C7D8-13C7-8484-4AC65E1B71E8}
		{6E02E481-963B-45E2-980E-A0A48916DBBC} = {02EA681E-C7D8-13C7-8484-4AC65E1B71E8}
		{C0BBC612-7C95-4A67-8AAC-C5B0AA27940E} = {02EA681E-C7D8-13C7-8484-4AC65E1B71E8}
		{AAC2372C-CBD7-4190-9DA1-2A6C7C16CD89} = {893ED6E2-9A16-4B02-8EB3-DA7011136C23}
		{6DB6732D-9382-4926-A41D-9824091AD1F0} = {893ED6E2-9A16-4B02-8EB3-DA7011136C23}
		{863D4992-F13C-42C0-B89C-2EF0B370ACAC} = {893ED6E2-9A16-4B02-8EB3-DA7011136C23}
		{94DBC10D-9667-4EBB-86F9-3624725C355E} = {4F440A55-0675-4008-B447-38F6BEF9FF28}
		{942185C7-B5DB-4E75-9C50-9A87A10E9192} = {4F440A55-0675-4008-B447-38F6BEF9FF28}
		{236A689F-03B1-41E9-9E49-76250E8DA435} = {4F440A55-0675-4008-B447-38F6BEF9FF28}
		{A383D16F-10C8-4496-9CD0-89A57E811CCF} = {33EA12A1-17EF-44B1-8299-A2A35D350A23}
		{A8190FB6-8745-4834-8356-40EBD4EE5B55} = {33EA12A1-17EF-44B1-8299-A2A35D350A23}
		{48589347-8A5E-497A-A776-FC9134C61608} = {33EA12A1-17EF-44B1-8299-A2A35D350A23}
		{C8A0C292-7E57-4299-AA53-2844DE7C5830} = {D5AC8191-4B65-4B89-B579-A7EB1122BC4B}
		{D894E94A-2E1E-4DCE-90C8-E3C6469C0C4D} = {D5AC8191-4B65-4B89-B579-A7EB1122BC4B}
		{5FC0E677-8B7A-4D72-A74E-CF931C568CDE} = {D5AC8191-4B65-4B89-B579-A7EB1122BC4B}
	EndGlobalSection
	GlobalSection(ExtensibilityGlobals) = postSolution
		SolutionGuid = {246D19C2-73FC-4659-9945-186DD61B71AD}
	EndGlobalSection
EndGlobal
